{
  "nodes": {
    "builtfilter": {
      "inputs": {
        "capacitor": [
          "capacitor"
        ]
      },
      "locked": {
        "lastModified": 1661869301,
        "narHash": "sha256-LcOkB1sYNCiw0rfDR09TS4v5a2p8wm4yIBPBeuZCIu4=",
        "owner": "flox",
        "repo": "builtfilter",
        "rev": "a37cb0fb1dfb752101eb2936099530872c07c956",
        "type": "github"
      },
      "original": {
        "owner": "flox",
        "ref": "builtfilter-rs",
        "repo": "builtfilter",
        "type": "github"
      }
    },
    "capacitor": {
      "inputs": {
        "nixpkgs": "nixpkgs"
      },
      "locked": {
        "lastModified": 1669753848,
        "narHash": "sha256-Zer6QguCSeZIcrTxz1HYlIAWMA0Rhybakx+8FZ9sdYg=",
        "owner": "flox",
        "repo": "capacitor",
        "rev": "28211aff1013ef6f2b1f4754ffb46867db48e549",
        "type": "github"
      },
      "original": {
        "owner": "flox",
        "repo": "capacitor",
        "type": "github"
      }
    },
    "catalog": {
      "flake": false,
      "locked": {
        "lastModified": 1665076737,
        "narHash": "sha256-S0bD7Z434Lvm7U4VHwvmxdTMrexdr72Yk6z0ExE3j7s=",
        "owner": "flox",
        "repo": "floxpkgs",
        "rev": "bd8326c2fea27d01933eacb922f5ae70f97140c6",
        "type": "github"
      },
      "original": {
        "owner": "flox",
        "ref": "publish",
        "repo": "floxpkgs",
        "type": "github"
      }
    },
    "flox": {
      "inputs": {
        "floxpkgs": []
      },
      "locked": {
        "lastModified": 1669914909,
        "narHash": "sha256-PfWB7i4E76Krsq/6ekqMpa1dVXBysz/2T3+1UVfWezs=",
        "ref": "main",
        "rev": "30196f494339981a712964626f8288753753f7a5",
        "revCount": 76,
        "type": "git",
        "url": "ssh://git@github.com/flox/flox"
      },
      "original": {
        "ref": "main",
        "type": "git",
        "url": "ssh://git@github.com/flox/flox"
      }
    },
    "nixpkgs": {
      "locked": {
        "lastModified": 1669140675,
        "narHash": "sha256-npzfyfLECsJWgzK/M4gWhykP2DNAJTYjgY2BWkz/oEQ=",
        "owner": "flox",
        "repo": "nixpkgs",
        "rev": "2788904d26dda6cfa1921c5abb7a2466ffe3cb8c",
        "type": "github"
      },
      "original": {
        "owner": "flox",
        "ref": "stable",
        "repo": "nixpkgs",
        "type": "github"
      }
    },
    "nixpkgs-stable": {
      "locked": {
        "lastModified": 1669140675,
        "narHash": "sha256-npzfyfLECsJWgzK/M4gWhykP2DNAJTYjgY2BWkz/oEQ=",
        "owner": "flox",
        "repo": "nixpkgs",
        "rev": "2788904d26dda6cfa1921c5abb7a2466ffe3cb8c",
        "type": "github"
      },
      "original": {
        "owner": "flox",
        "ref": "stable",
        "repo": "nixpkgs",
        "type": "github"
      }
    },
    "nixpkgs-staging": {
      "locked": {
        "lastModified": 1669542132,
        "narHash": "sha256-DRlg++NJAwPh8io3ExBJdNW7Djs3plVI5jgYQ+iXAZQ=",
        "owner": "flox",
        "repo": "nixpkgs",
        "rev": "a115bb9bd56831941be3776c8a94005867f316a7",
        "type": "github"
      },
      "original": {
        "owner": "flox",
        "ref": "staging",
        "repo": "nixpkgs",
        "type": "github"
      }
    },
    "nixpkgs-unstable": {
      "locked": {
        "lastModified": 1669542132,
        "narHash": "sha256-DRlg++NJAwPh8io3ExBJdNW7Djs3plVI5jgYQ+iXAZQ=",
        "owner": "flox",
        "repo": "nixpkgs",
        "rev": "a115bb9bd56831941be3776c8a94005867f316a7",
        "type": "github"
      },
      "original": {
        "owner": "flox",
        "ref": "unstable",
        "repo": "nixpkgs",
        "type": "github"
      }
    },
    "nixpkgs_2": {
      "inputs": {
        "floxpkgs": [],
        "nixpkgs": "nixpkgs_3",
        "nixpkgs-stable": "nixpkgs-stable",
        "nixpkgs-staging": "nixpkgs-staging",
        "nixpkgs-unstable": "nixpkgs-unstable",
        "nixpkgs__catalog__aarch64-darwin": "nixpkgs__catalog__aarch64-darwin",
        "nixpkgs__catalog__aarch64-linux": "nixpkgs__catalog__aarch64-linux",
        "nixpkgs__catalog__x86_64-darwin": "nixpkgs__catalog__x86_64-darwin",
        "nixpkgs__catalog__x86_64-linux": "nixpkgs__catalog__x86_64-linux"
      },
      "locked": {
        "lastModified": 1670165654,
        "narHash": "sha256-z5UnGks9MS+A/kdm3xeRddVgLzcTUVFr1VrXcgti6sU=",
        "owner": "flox",
        "repo": "nixpkgs-flox",
        "rev": "3e025aab4108d6f1428d4d6073a3faa6c681295c",
        "type": "github"
      },
      "original": {
        "owner": "flox",
        "repo": "nixpkgs-flox",
        "type": "github"
      }
    },
    "nixpkgs_3": {
      "locked": {
        "lastModified": 1669140675,
        "narHash": "sha256-npzfyfLECsJWgzK/M4gWhykP2DNAJTYjgY2BWkz/oEQ=",
        "owner": "flox",
        "repo": "nixpkgs",
        "rev": "2788904d26dda6cfa1921c5abb7a2466ffe3cb8c",
        "type": "github"
      },
      "original": {
        "owner": "flox",
        "ref": "stable",
        "repo": "nixpkgs",
        "type": "github"
      }
    },
    "nixpkgs__catalog__aarch64-darwin": {
      "flake": false,
      "locked": {
        "lastModified": 1670085651,
        "narHash": "sha256-3RUjV38DxvhDsS8Jngycf7UJes4kvF4WBkzUe4oWnLY=",
        "owner": "flox",
        "repo": "nixpkgs-catalog",
        "rev": "5f30449902cd8062e656c1f981747a86d84402bc",
        "type": "github"
      },
      "original": {
        "owner": "flox",
        "ref": "aarch64-darwin",
        "repo": "nixpkgs-catalog",
        "type": "github"
      }
    },
    "nixpkgs__catalog__aarch64-linux": {
      "flake": false,
      "locked": {
        "lastModified": 1670085636,
        "narHash": "sha256-hhKgo45zPkaO+gQXrrZ0GC90+RExbBoCXSfFV4K4xhk=",
        "owner": "flox",
        "repo": "nixpkgs-catalog",
        "rev": "c617bbf69df2001141b837b463bcd113fb6e5995",
        "type": "github"
      },
      "original": {
        "owner": "flox",
        "ref": "aarch64-linux",
        "repo": "nixpkgs-catalog",
        "type": "github"
      }
    },
    "nixpkgs__catalog__x86_64-darwin": {
      "flake": false,
      "locked": {
        "lastModified": 1670085739,
        "narHash": "sha256-Ka2eHTsBxlzVmef/XS5Emd9tJVqYOtCLaBjQqe8Ie4A=",
        "owner": "flox",
        "repo": "nixpkgs-catalog",
        "rev": "b9a8959a54e9d98e8d1774eba79da0f1b0813630",
        "type": "github"
      },
      "original": {
        "owner": "flox",
        "ref": "x86_64-darwin",
        "repo": "nixpkgs-catalog",
        "type": "github"
      }
    },
    "nixpkgs__catalog__x86_64-linux": {
      "flake": false,
      "locked": {
        "lastModified": 1670085723,
        "narHash": "sha256-IrOdXsNNmwj7qwO4BkcblAkc0SEcIXLo2cgDpIHMBXc=",
        "owner": "flox",
        "repo": "nixpkgs-catalog",
        "rev": "ea282955f8e87bee07b9b7622e0e81f79a307419",
        "type": "github"
      },
      "original": {
        "owner": "flox",
        "ref": "x86_64-linux",
        "repo": "nixpkgs-catalog",
        "type": "github"
      }
    },
    "root": {
      "inputs": {
        "builtfilter": "builtfilter",
        "capacitor": "capacitor",
        "catalog": "catalog",
        "flox": "flox",
        "nixpkgs": "nixpkgs_2",
        "tracelinks": "tracelinks"
      }
    },
    "tracelinks": {
      "inputs": {
        "floxpkgs": []
      },
      "locked": {
        "lastModified": 1669919769,
        "narHash": "sha256-BxN0D6q2p8B46I7EiKdZRf7zfoIy+E+tLnVNyK/sWDY=",
        "ref": "fix/overlay-trees",
        "rev": "825088723474ed7e6b93b19a2305500b4222a670",
        "revCount": 8,
        "type": "git",
        "url": "ssh://git@github.com/flox/tracelinks"
      },
      "original": {
        "ref": "fix/overlay-trees",
        "type": "git",
        "url": "ssh://git@github.com/flox/tracelinks"
      }
    }
  },
  "root": "root",
  "version": 7
}
