{
  "nodes": {
    "builtfilter": {
      "inputs": {
        "capacitor": [
          "capacitor"
        ]
      },
      "locked": {
        "lastModified": 1661869301,
        "narHash": "sha256-LcOkB1sYNCiw0rfDR09TS4v5a2p8wm4yIBPBeuZCIu4=",
        "owner": "flox",
        "repo": "builtfilter",
        "rev": "a37cb0fb1dfb752101eb2936099530872c07c956",
        "type": "github"
      },
      "original": {
        "owner": "flox",
        "ref": "builtfilter-rs",
        "repo": "builtfilter",
        "type": "github"
      }
    },
    "capacitor": {
      "inputs": {
        "nixpkgs": "nixpkgs",
        "root": []
      },
      "locked": {
        "lastModified": 1663269718,
        "narHash": "sha256-rxN4lUmC/m9gD8yLXnY0d1AbeEgjG8DjflrjhViT4xM=",
        "owner": "flox",
        "repo": "capacitor",
        "rev": "44e9fc3a57938bacb089dfda83031a0e52bf4cb2",
        "type": "github"
      },
      "original": {
        "owner": "flox",
        "ref": "v0",
        "repo": "capacitor",
        "type": "github"
      }
    },
    "capacitor_2": {
      "inputs": {
        "nixpkgs": "nixpkgs_3",
        "root": [
          "nixpkgs"
        ]
      },
      "locked": {
        "lastModified": 1658930237,
        "narHash": "sha256-76FK9k0zEmzhDVZJdrFxEqO3gx/NkrBt0y5L+dhE/hc=",
        "owner": "flox",
        "repo": "capacitor",
        "rev": "f0bae6897c812bf11dbb8842bc13940305f386f3",
        "type": "github"
      },
      "original": {
        "owner": "flox",
        "ref": "v0",
        "repo": "capacitor",
        "type": "github"
      }
    },
    "catalog": {
      "flake": false,
      "locked": {
        "lastModified": 1662718220,
        "narHash": "sha256-q2bBfVIga3M25qsSKXG87SnsXu8OerCKyvdENvYJBTo=",
        "owner": "flox",
        "repo": "floxpkgs",
        "rev": "acbb70bcf34caf518629aa7157df2117181e2201",
        "type": "github"
      },
      "original": {
        "owner": "flox",
        "ref": "publish",
        "repo": "floxpkgs",
        "type": "github"
      }
    },
    "devshell": {
      "inputs": {
        "flake-utils": "flake-utils",
        "nixpkgs": [
          "nixpkgs"
        ]
      },
      "locked": {
        "lastModified": 1660811669,
        "narHash": "sha256-V6lmsaLNFz41myppL0yxglta92ijkSvpZ+XVygAh+bU=",
        "owner": "numtide",
        "repo": "devshell",
        "rev": "c2feacb46ee69949124c835419861143c4016fb5",
        "type": "github"
      },
      "original": {
        "owner": "numtide",
        "repo": "devshell",
        "type": "github"
      }
    },
    "flake-compat": {
      "flake": false,
      "locked": {
        "lastModified": 1650374568,
        "narHash": "sha256-Z+s0J8/r907g149rllvwhb4pKi8Wam5ij0st8PwAh+E=",
        "owner": "edolstra",
        "repo": "flake-compat",
        "rev": "b4a34015c698c7793d592d66adbab377907a2be8",
        "type": "github"
      },
      "original": {
        "owner": "edolstra",
        "repo": "flake-compat",
        "type": "github"
      }
    },
    "flake-utils": {
      "locked": {
        "lastModified": 1642700792,
        "narHash": "sha256-XqHrk7hFb+zBvRg6Ghl+AZDq03ov6OshJLiSWOoX5es=",
        "owner": "numtide",
        "repo": "flake-utils",
        "rev": "846b2ae0fc4cc943637d3d1def4454213e203cba",
        "type": "github"
      },
      "original": {
        "owner": "numtide",
        "repo": "flake-utils",
        "type": "github"
      }
    },
    "flake-utils_2": {
      "locked": {
        "lastModified": 1642700792,
        "narHash": "sha256-XqHrk7hFb+zBvRg6Ghl+AZDq03ov6OshJLiSWOoX5es=",
        "owner": "numtide",
        "repo": "flake-utils",
        "rev": "846b2ae0fc4cc943637d3d1def4454213e203cba",
        "type": "github"
      },
      "original": {
        "owner": "numtide",
        "repo": "flake-utils",
        "type": "github"
      }
    },
    "flake-utils_3": {
      "locked": {
        "lastModified": 1656928814,
        "narHash": "sha256-RIFfgBuKz6Hp89yRr7+NR5tzIAbn52h8vT6vXkYjZoM=",
        "owner": "numtide",
        "repo": "flake-utils",
        "rev": "7e2a3b3dfd9af950a856d66b0a7d01e3c18aa249",
        "type": "github"
      },
      "original": {
        "owner": "numtide",
        "repo": "flake-utils",
        "type": "github"
      }
    },
    "flox": {
      "flake": false,
      "locked": {
        "lastModified": 1663277667,
        "narHash": "sha256-+eiBIaQU0/2vcg0Y9R8K1fg/rgx/sI4pgm9ABn7+/O4=",
        "ref": "main",
        "rev": "ef84f36ad87c3395e70afd17130fc82728db4581",
        "revCount": 12,
        "type": "git",
        "url": "ssh://git@github.com/flox/flox"
      },
      "original": {
        "ref": "main",
        "type": "git",
        "url": "ssh://git@github.com/flox/flox"
      }
    },
    "flox-extras": {
      "inputs": {
        "capacitor": [
          "capacitor"
        ]
      },
      "locked": {
        "lastModified": 1662221424,
        "narHash": "sha256-TV4hAeMIg7lHkmkV6/J5sHqhcs0c6bg0G+j92GMhvzg=",
        "owner": "flox",
        "repo": "flox-extras",
        "rev": "b32a3389281f2f7ee66d0f14a9b64ba5cfe934e2",
        "type": "github"
      },
      "original": {
        "owner": "flox",
        "repo": "flox-extras",
        "type": "github"
      }
    },
    "mach-nix": {
      "inputs": {
        "flake-utils": "flake-utils_2",
        "nixpkgs": [
          "nixpkgs"
        ],
        "pypi-deps-db": [
          "pypi-deps-db"
        ]
      },
      "locked": {
        "lastModified": 1662635943,
        "narHash": "sha256-1OBBlBzZ894or8eHZjyADOMnGH89pPUKYGVVS5rwW/0=",
        "owner": "DavHau",
        "repo": "mach-nix",
        "rev": "65266b5cc867fec2cb6a25409dd7cd12251f6107",
        "type": "github"
      },
      "original": {
        "owner": "DavHau",
        "repo": "mach-nix",
        "type": "github"
      }
    },
    "naersk": {
      "inputs": {
        "nixpkgs": [
          "nixpkgs"
        ]
      },
      "locked": {
        "lastModified": 1662220400,
        "narHash": "sha256-9o2OGQqu4xyLZP9K6kNe1pTHnyPz0Wr3raGYnr9AIgY=",
        "owner": "nix-community",
        "repo": "naersk",
        "rev": "6944160c19cb591eb85bbf9b2f2768a935623ed3",
        "type": "github"
      },
      "original": {
        "owner": "nix-community",
        "repo": "naersk",
        "type": "github"
      }
    },
    "nix-editor": {
      "inputs": {
        "flake-compat": "flake-compat",
        "flake-utils": "flake-utils_3",
        "naersk": [
          "naersk"
        ],
        "nixpkgs": [
          "nixpkgs"
        ]
      },
      "locked": {
        "lastModified": 1663221522,
        "narHash": "sha256-xIEI5/uaUKvPr8zuMYAshtmKqrztVH2XTV9ux2r+Azc=",
        "owner": "vlinkz",
        "repo": "nix-editor",
        "rev": "e6c71430c77d1148b6d80016c171d514f85411d4",
        "type": "github"
      },
      "original": {
        "owner": "vlinkz",
        "repo": "nix-editor",
        "type": "github"
      }
    },
    "nixpkgs": {
      "locked": {
        "lastModified": 1661239211,
        "narHash": "sha256-pNJzBlSNpWEiFJZnLF2oETYq8cGWx1DJPW33aMtG6n8=",
        "owner": "flox",
        "repo": "nixpkgs",
        "rev": "5e804cd8a27f835a402b22e086e36e797716ef8b",
        "type": "github"
      },
      "original": {
        "owner": "flox",
        "ref": "stable",
        "repo": "nixpkgs",
        "type": "github"
      }
    },
    "nixpkgs-stable": {
      "locked": {
        "lastModified": 1658826464,
        "narHash": "sha256-94ZTF0uIX/iZdiD4RJ5f933ak/OM4XLl7hF+gCa4Iuk=",
        "owner": "flox",
        "repo": "nixpkgs",
        "rev": "ce49cb7792a7ffd65ef352dda1110a4e4a204eac",
        "type": "github"
      },
      "original": {
        "owner": "flox",
        "ref": "stable",
        "repo": "nixpkgs",
        "type": "github"
      }
    },
    "nixpkgs-staging": {
      "locked": {
        "lastModified": 1661239211,
        "narHash": "sha256-pNJzBlSNpWEiFJZnLF2oETYq8cGWx1DJPW33aMtG6n8=",
        "owner": "flox",
        "repo": "nixpkgs",
        "rev": "5e804cd8a27f835a402b22e086e36e797716ef8b",
        "type": "github"
      },
      "original": {
        "owner": "flox",
        "ref": "staging",
        "repo": "nixpkgs",
        "type": "github"
      }
    },
    "nixpkgs-unstable": {
      "locked": {
        "lastModified": 1661720780,
        "narHash": "sha256-AJNGyaB2eKZAYaPNjBZOzap87yL+F9ZLaFzzMkvega0=",
        "owner": "flox",
        "repo": "nixpkgs",
        "rev": "a63021a330d8d33d862a8e29924b42d73037dd37",
        "type": "github"
      },
      "original": {
        "owner": "flox",
        "ref": "unstable",
        "repo": "nixpkgs",
        "type": "github"
      }
    },
    "nixpkgs_2": {
      "inputs": {
        "capacitor": "capacitor_2",
        "flox-extras": [
          "flox-extras"
        ],
        "nixpkgs": [
          "nixpkgs",
          "nixpkgs-stable"
        ],
        "nixpkgs-stable": "nixpkgs-stable",
        "nixpkgs-staging": "nixpkgs-staging",
        "nixpkgs-unstable": "nixpkgs-unstable",
        "nixpkgs__catalog__aarch64-darwin": "nixpkgs__catalog__aarch64-darwin",
        "nixpkgs__catalog__x86_64-darwin": "nixpkgs__catalog__x86_64-darwin",
        "nixpkgs__catalog__x86_64-linux": "nixpkgs__catalog__x86_64-linux"
      },
      "locked": {
        "lastModified": 1662218644,
        "narHash": "sha256-tEP3x4R37JgDgfC5CylcpZ5zZg3oauVc3Z1fsGUT/Ww=",
        "owner": "flox",
        "repo": "nixpkgs-flox",
        "rev": "f109f1bc8b232246a0df438a44b9e433f8526973",
        "type": "github"
      },
      "original": {
        "owner": "flox",
        "repo": "nixpkgs-flox",
        "type": "github"
      }
    },
    "nixpkgs_3": {
      "locked": {
        "lastModified": 1658826464,
        "narHash": "sha256-94ZTF0uIX/iZdiD4RJ5f933ak/OM4XLl7hF+gCa4Iuk=",
        "owner": "flox",
        "repo": "nixpkgs",
        "rev": "ce49cb7792a7ffd65ef352dda1110a4e4a204eac",
        "type": "github"
      },
      "original": {
        "owner": "flox",
        "ref": "stable",
        "repo": "nixpkgs",
        "type": "github"
      }
    },
    "nixpkgs__catalog__aarch64-darwin": {
      "flake": false,
      "locked": {
        "lastModified": 1662154557,
        "narHash": "sha256-Q4/rwslwq6QK+1taNugZyWDrbpZowojM+Ns/L85eDh0=",
        "owner": "flox",
        "repo": "nixpkgs-catalog",
        "rev": "c091139f8707b1dc0ab8e3c5acd67145b9beda10",
        "type": "github"
      },
      "original": {
        "owner": "flox",
        "ref": "aarch64-darwin",
        "repo": "nixpkgs-catalog",
        "type": "github"
      }
    },
    "nixpkgs__catalog__x86_64-darwin": {
      "flake": false,
      "locked": {
        "lastModified": 1662156636,
        "narHash": "sha256-KRARaYwwxCT4bnz1mi4teWUFS6S2vn7huA0Mv7rk+YE=",
        "owner": "flox",
        "repo": "nixpkgs-catalog",
        "rev": "55131c24be89091a8a55959ad24fa3ada64ebc09",
        "type": "github"
      },
      "original": {
        "owner": "flox",
        "ref": "x86_64-darwin",
        "repo": "nixpkgs-catalog",
        "type": "github"
      }
    },
    "nixpkgs__catalog__x86_64-linux": {
      "flake": false,
      "locked": {
        "lastModified": 1662153485,
        "narHash": "sha256-bLwicVAqR4Bm8aN+e76Cxs4fmJ0L4/JPH3GRJjaaIFs=",
        "owner": "flox",
        "repo": "nixpkgs-catalog",
        "rev": "a033b93ded3a01527875d47d35d15a9489ed780f",
        "type": "github"
      },
      "original": {
        "owner": "flox",
        "ref": "x86_64-linux",
        "repo": "nixpkgs-catalog",
        "type": "github"
      }
    },
    "pypi-deps-db": {
      "flake": false,
      "locked": {
        "lastModified": 1663274458,
        "narHash": "sha256-Iiy63y9aP6RLQL6Qy0jkhEdaGOASYsxECTt9A/+FesI=",
        "owner": "DavHau",
        "repo": "pypi-deps-db",
        "rev": "0e5aeda3365252057c624f5d2b2df14bde0bab0f",
        "type": "github"
      },
      "original": {
        "owner": "DavHau",
        "repo": "pypi-deps-db",
        "type": "github"
      }
    },
    "root": {
      "inputs": {
        "builtfilter": "builtfilter",
        "capacitor": "capacitor",
        "catalog": "catalog",
        "devshell": "devshell",
        "flox": "flox",
        "flox-extras": "flox-extras",
        "mach-nix": "mach-nix",
        "naersk": "naersk",
        "nix-editor": "nix-editor",
        "nixpkgs": "nixpkgs_2",
        "pypi-deps-db": "pypi-deps-db"
      }
    }
  },
  "root": "root",
  "version": 7
}
